// !$*UTF8*$!
{
	archiveVersion = 1;
	classes = {
	};
	objectVersion = 55;
	objects = {

/* Begin PBXBuildFile section */
		2381B45027720DFF00D63031 /* FallbackDataSourceTests.swift in Sources */ = {isa = PBXBuildFile; fileRef = 2381B44F27720DFF00D63031 /* FallbackDataSourceTests.swift */; };
		2381B458277217BD00D63031 /* PostPresenter.swift in Sources */ = {isa = PBXBuildFile; fileRef = 2381B457277217BD00D63031 /* PostPresenter.swift */; };
		2381B45A277217EC00D63031 /* PostContract.swift in Sources */ = {isa = PBXBuildFile; fileRef = 2381B459277217EC00D63031 /* PostContract.swift */; };
		23AC4A00276064ED0007484F /* AppDelegate.swift in Sources */ = {isa = PBXBuildFile; fileRef = 23AC49FF276064ED0007484F /* AppDelegate.swift */; };
		23AC4A02276064ED0007484F /* SceneDelegate.swift in Sources */ = {isa = PBXBuildFile; fileRef = 23AC4A01276064ED0007484F /* SceneDelegate.swift */; };
		23AC4A04276064ED0007484F /* ViewController.swift in Sources */ = {isa = PBXBuildFile; fileRef = 23AC4A03276064ED0007484F /* ViewController.swift */; };
		23AC4A0A276064ED0007484F /* FallbackDataSource.xcdatamodeld in Sources */ = {isa = PBXBuildFile; fileRef = 23AC4A08276064ED0007484F /* FallbackDataSource.xcdatamodeld */; };
		23AC4A0C276064EE0007484F /* Assets.xcassets in Resources */ = {isa = PBXBuildFile; fileRef = 23AC4A0B276064EE0007484F /* Assets.xcassets */; };
		23AC4A0F276064EE0007484F /* LaunchScreen.storyboard in Resources */ = {isa = PBXBuildFile; fileRef = 23AC4A0D276064EE0007484F /* LaunchScreen.storyboard */; };
		23AC4A1B276065900007484F /* Post.swift in Sources */ = {isa = PBXBuildFile; fileRef = 23AC4A1A276065900007484F /* Post.swift */; };
		23AC4A1D276065E70007484F /* RemoteDataSource.swift in Sources */ = {isa = PBXBuildFile; fileRef = 23AC4A1C276065E70007484F /* RemoteDataSource.swift */; };
		23AC4A20276067230007484F /* LocalDataSource.swift in Sources */ = {isa = PBXBuildFile; fileRef = 23AC4A1F276067230007484F /* LocalDataSource.swift */; };
		23AC4A23276068940007484F /* FallBackDataSource.swift in Sources */ = {isa = PBXBuildFile; fileRef = 23AC4A22276068940007484F /* FallBackDataSource.swift */; };
		23AC4A2627606A670007484F /* CoreDataService.swift in Sources */ = {isa = PBXBuildFile; fileRef = 23AC4A2527606A670007484F /* CoreDataService.swift */; };
		23AC4A2827606A6E0007484F /* ApiService.swift in Sources */ = {isa = PBXBuildFile; fileRef = 23AC4A2727606A6E0007484F /* ApiService.swift */; };
		23AC4A2A276072BA0007484F /* DecoratorRemoteDataSource.swift in Sources */ = {isa = PBXBuildFile; fileRef = 23AC4A29276072BA0007484F /* DecoratorRemoteDataSource.swift */; };
/* End PBXBuildFile section */

/* Begin PBXContainerItemProxy section */
		2381B45127720DFF00D63031 /* PBXContainerItemProxy */ = {
			isa = PBXContainerItemProxy;
			containerPortal = 23AC49F4276064ED0007484F /* Project object */;
			proxyType = 1;
			remoteGlobalIDString = 23AC49FB276064ED0007484F;
			remoteInfo = FallbackDataSource;
		};
/* End PBXContainerItemProxy section */

/* Begin PBXFileReference section */
		2381B44D27720DFF00D63031 /* FallbackDataSourceTests.xctest */ = {isa = PBXFileReference; explicitFileType = wrapper.cfbundle; includeInIndex = 0; path = FallbackDataSourceTests.xctest; sourceTree = BUILT_PRODUCTS_DIR; };
		2381B44F27720DFF00D63031 /* FallbackDataSourceTests.swift */ = {isa = PBXFileReference; lastKnownFileType = sourcecode.swift; path = FallbackDataSourceTests.swift; sourceTree = "<group>"; };
		2381B457277217BD00D63031 /* PostPresenter.swift */ = {isa = PBXFileReference; lastKnownFileType = sourcecode.swift; path = PostPresenter.swift; sourceTree = "<group>"; };
		2381B459277217EC00D63031 /* PostContract.swift */ = {isa = PBXFileReference; lastKnownFileType = sourcecode.swift; path = PostContract.swift; sourceTree = "<group>"; };
		23AC49FC276064ED0007484F /* FallbackDataSource.app */ = {isa = PBXFileReference; explicitFileType = wrapper.application; includeInIndex = 0; path = FallbackDataSource.app; sourceTree = BUILT_PRODUCTS_DIR; };
		23AC49FF276064ED0007484F /* AppDelegate.swift */ = {isa = PBXFileReference; lastKnownFileType = sourcecode.swift; path = AppDelegate.swift; sourceTree = "<group>"; };
		23AC4A01276064ED0007484F /* SceneDelegate.swift */ = {isa = PBXFileReference; lastKnownFileType = sourcecode.swift; path = SceneDelegate.swift; sourceTree = "<group>"; };
		23AC4A03276064ED0007484F /* ViewController.swift */ = {isa = PBXFileReference; lastKnownFileType = sourcecode.swift; path = ViewController.swift; sourceTree = "<group>"; };
		23AC4A09276064ED0007484F /* FallbackDataSource.xcdatamodel */ = {isa = PBXFileReference; lastKnownFileType = wrapper.xcdatamodel; path = FallbackDataSource.xcdatamodel; sourceTree = "<group>"; };
		23AC4A0B276064EE0007484F /* Assets.xcassets */ = {isa = PBXFileReference; lastKnownFileType = folder.assetcatalog; path = Assets.xcassets; sourceTree = "<group>"; };
		23AC4A0E276064EE0007484F /* Base */ = {isa = PBXFileReference; lastKnownFileType = file.storyboard; name = Base; path = Base.lproj/LaunchScreen.storyboard; sourceTree = "<group>"; };
		23AC4A10276064EE0007484F /* Info.plist */ = {isa = PBXFileReference; lastKnownFileType = text.plist.xml; path = Info.plist; sourceTree = "<group>"; };
		23AC4A1A276065900007484F /* Post.swift */ = {isa = PBXFileReference; lastKnownFileType = sourcecode.swift; path = Post.swift; sourceTree = "<group>"; };
		23AC4A1C276065E70007484F /* RemoteDataSource.swift */ = {isa = PBXFileReference; lastKnownFileType = sourcecode.swift; path = RemoteDataSource.swift; sourceTree = "<group>"; };
		23AC4A1F276067230007484F /* LocalDataSource.swift */ = {isa = PBXFileReference; lastKnownFileType = sourcecode.swift; path = LocalDataSource.swift; sourceTree = "<group>"; };
		23AC4A22276068940007484F /* FallBackDataSource.swift */ = {isa = PBXFileReference; lastKnownFileType = sourcecode.swift; path = FallBackDataSource.swift; sourceTree = "<group>"; };
		23AC4A2527606A670007484F /* CoreDataService.swift */ = {isa = PBXFileReference; lastKnownFileType = sourcecode.swift; path = CoreDataService.swift; sourceTree = "<group>"; };
		23AC4A2727606A6E0007484F /* ApiService.swift */ = {isa = PBXFileReference; lastKnownFileType = sourcecode.swift; path = ApiService.swift; sourceTree = "<group>"; };
		23AC4A29276072BA0007484F /* DecoratorRemoteDataSource.swift */ = {isa = PBXFileReference; lastKnownFileType = sourcecode.swift; path = DecoratorRemoteDataSource.swift; sourceTree = "<group>"; };
/* End PBXFileReference section */

/* Begin PBXFrameworksBuildPhase section */
		2381B44A27720DFF00D63031 /* Frameworks */ = {
			isa = PBXFrameworksBuildPhase;
			buildActionMask = 2147483647;
			files = (
			);
			runOnlyForDeploymentPostprocessing = 0;
		};
		23AC49F9276064ED0007484F /* Frameworks */ = {
			isa = PBXFrameworksBuildPhase;
			buildActionMask = 2147483647;
			files = (
			);
			runOnlyForDeploymentPostprocessing = 0;
		};
/* End PBXFrameworksBuildPhase section */

/* Begin PBXGroup section */
		2381B44E27720DFF00D63031 /* FallbackDataSourceTests */ = {
			isa = PBXGroup;
			children = (
				2381B44F27720DFF00D63031 /* FallbackDataSourceTests.swift */,
			);
			path = FallbackDataSourceTests;
			sourceTree = "<group>";
		};
		2381B456277217B100D63031 /* PostModule */ = {
			isa = PBXGroup;
			children = (
				2381B457277217BD00D63031 /* PostPresenter.swift */,
				23AC4A03276064ED0007484F /* ViewController.swift */,
				2381B459277217EC00D63031 /* PostContract.swift */,
			);
			path = PostModule;
			sourceTree = "<group>";
		};
		23AC49F3276064ED0007484F = {
			isa = PBXGroup;
			children = (
				23AC49FE276064ED0007484F /* FallbackDataSource */,
				2381B44E27720DFF00D63031 /* FallbackDataSourceTests */,
				23AC49FD276064ED0007484F /* Products */,
			);
			sourceTree = "<group>";
		};
		23AC49FD276064ED0007484F /* Products */ = {
			isa = PBXGroup;
			children = (
				23AC49FC276064ED0007484F /* FallbackDataSource.app */,
				2381B44D27720DFF00D63031 /* FallbackDataSourceTests.xctest */,
			);
			name = Products;
			sourceTree = "<group>";
		};
		23AC49FE276064ED0007484F /* FallbackDataSource */ = {
			isa = PBXGroup;
			children = (
				23AC4A1E276065ED0007484F /* App */,
				23AC4A2427606A5C0007484F /* Services */,
				23AC4A172760652C0007484F /* DataSource */,
				2381B456277217B100D63031 /* PostModule */,
				23AC4A0B276064EE0007484F /* Assets.xcassets */,
				23AC4A0D276064EE0007484F /* LaunchScreen.storyboard */,
				23AC4A10276064EE0007484F /* Info.plist */,
			);
			path = FallbackDataSource;
			sourceTree = "<group>";
		};
		23AC4A16276065280007484F /* Models */ = {
			isa = PBXGroup;
			children = (
				23AC4A1A276065900007484F /* Post.swift */,
			);
			path = Models;
			sourceTree = "<group>";
		};
		23AC4A172760652C0007484F /* DataSource */ = {
			isa = PBXGroup;
			children = (
				23AC4A19276065510007484F /* Local */,
				23AC4A18276065460007484F /* Remote */,
				23AC4A29276072BA0007484F /* DecoratorRemoteDataSource.swift */,
				23AC4A22276068940007484F /* FallBackDataSource.swift */,
			);
			path = DataSource;
			sourceTree = "<group>";
		};
		23AC4A18276065460007484F /* Remote */ = {
			isa = PBXGroup;
			children = (
				23AC4A16276065280007484F /* Models */,
				23AC4A1C276065E70007484F /* RemoteDataSource.swift */,
			);
			path = Remote;
			sourceTree = "<group>";
		};
		23AC4A19276065510007484F /* Local */ = {
			isa = PBXGroup;
			children = (
				23AC4A08276064ED0007484F /* FallbackDataSource.xcdatamodeld */,
				23AC4A1F276067230007484F /* LocalDataSource.swift */,
			);
			path = Local;
			sourceTree = "<group>";
		};
		23AC4A1E276065ED0007484F /* App */ = {
			isa = PBXGroup;
			children = (
				23AC49FF276064ED0007484F /* AppDelegate.swift */,
				23AC4A01276064ED0007484F /* SceneDelegate.swift */,
			);
			name = App;
			sourceTree = "<group>";
		};
		23AC4A2427606A5C0007484F /* Services */ = {
			isa = PBXGroup;
			children = (
				23AC4A2527606A670007484F /* CoreDataService.swift */,
				23AC4A2727606A6E0007484F /* ApiService.swift */,
			);
			path = Services;
			sourceTree = "<group>";
		};
/* End PBXGroup section */

/* Begin PBXNativeTarget section */
		2381B44C27720DFF00D63031 /* FallbackDataSourceTests */ = {
			isa = PBXNativeTarget;
			buildConfigurationList = 2381B45527720DFF00D63031 /* Build configuration list for PBXNativeTarget "FallbackDataSourceTests" */;
			buildPhases = (
				2381B44927720DFF00D63031 /* Sources */,
				2381B44A27720DFF00D63031 /* Frameworks */,
				2381B44B27720DFF00D63031 /* Resources */,
			);
			buildRules = (
			);
			dependencies = (
				2381B45227720DFF00D63031 /* PBXTargetDependency */,
			);
			name = FallbackDataSourceTests;
			productName = FallbackDataSourceTests;
			productReference = 2381B44D27720DFF00D63031 /* FallbackDataSourceTests.xctest */;
			productType = "com.apple.product-type.bundle.unit-test";
		};
		23AC49FB276064ED0007484F /* FallbackDataSource */ = {
			isa = PBXNativeTarget;
			buildConfigurationList = 23AC4A13276064EE0007484F /* Build configuration list for PBXNativeTarget "FallbackDataSource" */;
			buildPhases = (
				23AC49F8276064ED0007484F /* Sources */,
				23AC49F9276064ED0007484F /* Frameworks */,
				23AC49FA276064ED0007484F /* Resources */,
			);
			buildRules = (
			);
			dependencies = (
			);
			name = FallbackDataSource;
			productName = FallbackDataSource;
			productReference = 23AC49FC276064ED0007484F /* FallbackDataSource.app */;
			productType = "com.apple.product-type.application";
		};
/* End PBXNativeTarget section */

/* Begin PBXProject section */
		23AC49F4276064ED0007484F /* Project object */ = {
			isa = PBXProject;
			attributes = {
				BuildIndependentTargetsInParallel = 1;
				LastSwiftUpdateCheck = 1320;
				LastUpgradeCheck = 1310;
				TargetAttributes = {
					2381B44C27720DFF00D63031 = {
						CreatedOnToolsVersion = 13.2.1;
						TestTargetID = 23AC49FB276064ED0007484F;
					};
					23AC49FB276064ED0007484F = {
						CreatedOnToolsVersion = 13.1;
					};
				};
			};
			buildConfigurationList = 23AC49F7276064ED0007484F /* Build configuration list for PBXProject "FallbackDataSource" */;
			compatibilityVersion = "Xcode 13.0";
			developmentRegion = en;
			hasScannedForEncodings = 0;
			knownRegions = (
				en,
				Base,
			);
			mainGroup = 23AC49F3276064ED0007484F;
			productRefGroup = 23AC49FD276064ED0007484F /* Products */;
			projectDirPath = "";
			projectRoot = "";
			targets = (
				23AC49FB276064ED0007484F /* FallbackDataSource */,
				2381B44C27720DFF00D63031 /* FallbackDataSourceTests */,
			);
		};
/* End PBXProject section */

/* Begin PBXResourcesBuildPhase section */
		2381B44B27720DFF00D63031 /* Resources */ = {
			isa = PBXResourcesBuildPhase;
			buildActionMask = 2147483647;
			files = (
			);
			runOnlyForDeploymentPostprocessing = 0;
		};
		23AC49FA276064ED0007484F /* Resources */ = {
			isa = PBXResourcesBuildPhase;
			buildActionMask = 2147483647;
			files = (
				23AC4A0F276064EE0007484F /* LaunchScreen.storyboard in Resources */,
				23AC4A0C276064EE0007484F /* Assets.xcassets in Resources */,
			);
			runOnlyForDeploymentPostprocessing = 0;
		};
/* End PBXResourcesBuildPhase section */

/* Begin PBXSourcesBuildPhase section */
		2381B44927720DFF00D63031 /* Sources */ = {
			isa = PBXSourcesBuildPhase;
			buildActionMask = 2147483647;
			files = (
				2381B45027720DFF00D63031 /* FallbackDataSourceTests.swift in Sources */,
			);
			runOnlyForDeploymentPostprocessing = 0;
		};
		23AC49F8276064ED0007484F /* Sources */ = {
			isa = PBXSourcesBuildPhase;
			buildActionMask = 2147483647;
			files = (
				2381B458277217BD00D63031 /* PostPresenter.swift in Sources */,
				23AC4A04276064ED0007484F /* ViewController.swift in Sources */,
				2381B45A277217EC00D63031 /* PostContract.swift in Sources */,
				23AC4A2A276072BA0007484F /* DecoratorRemoteDataSource.swift in Sources */,
				23AC4A00276064ED0007484F /* AppDelegate.swift in Sources */,
				23AC4A1B276065900007484F /* Post.swift in Sources */,
				23AC4A20276067230007484F /* LocalDataSource.swift in Sources */,
				23AC4A0A276064ED0007484F /* FallbackDataSource.xcdatamodeld in Sources */,
				23AC4A1D276065E70007484F /* RemoteDataSource.swift in Sources */,
				23AC4A2827606A6E0007484F /* ApiService.swift in Sources */,
				23AC4A23276068940007484F /* FallBackDataSource.swift in Sources */,
				23AC4A2627606A670007484F /* CoreDataService.swift in Sources */,
				23AC4A02276064ED0007484F /* SceneDelegate.swift in Sources */,
			);
			runOnlyForDeploymentPostprocessing = 0;
		};
/* End PBXSourcesBuildPhase section */

/* Begin PBXTargetDependency section */
		2381B45227720DFF00D63031 /* PBXTargetDependency */ = {
			isa = PBXTargetDependency;
			target = 23AC49FB276064ED0007484F /* FallbackDataSource */;
			targetProxy = 2381B45127720DFF00D63031 /* PBXContainerItemProxy */;
		};
/* End PBXTargetDependency section */

/* Begin PBXVariantGroup section */
		23AC4A0D276064EE0007484F /* LaunchScreen.storyboard */ = {
			isa = PBXVariantGroup;
			children = (
				23AC4A0E276064EE0007484F /* Base */,
			);
			name = LaunchScreen.storyboard;
			sourceTree = "<group>";
		};
/* End PBXVariantGroup section */

/* Begin XCBuildConfiguration section */
		2381B45327720DFF00D63031 /* Debug */ = {
			isa = XCBuildConfiguration;
			buildSettings = {
				BUNDLE_LOADER = "$(TEST_HOST)";
				CODE_SIGN_STYLE = Automatic;
				CURRENT_PROJECT_VERSION = 1;
				DEVELOPMENT_TEAM = S9J6B4A78J;
				GENERATE_INFOPLIST_FILE = YES;
				IPHONEOS_DEPLOYMENT_TARGET = 15.2;
				MARKETING_VERSION = 1.0;
				PRODUCT_BUNDLE_IDENTIFIER = com.windy.FallbackDataSourceTests;
				PRODUCT_NAME = "$(TARGET_NAME)";
				SWIFT_EMIT_LOC_STRINGS = NO;
				SWIFT_VERSION = 5.0;
				TARGETED_DEVICE_FAMILY = "1,2";
				TEST_HOST = "$(BUILT_PRODUCTS_DIR)/FallbackDataSource.app/FallbackDataSource";
			};
			name = Debug;
		};
		2381B45427720DFF00D63031 /* Release */ = {
			isa = XCBuildConfiguration;
			buildSettings = {
				BUNDLE_LOADER = "$(TEST_HOST)";
				CODE_SIGN_STYLE = Automatic;
				CURRENT_PROJECT_VERSION = 1;
				DEVELOPMENT_TEAM = S9J6B4A78J;
				GENERATE_INFOPLIST_FILE = YES;
				IPHONEOS_DEPLOYMENT_TARGET = 15.2;
				MARKETING_VERSION = 1.0;
				PRODUCT_BUNDLE_IDENTIFIER = com.windy.FallbackDataSourceTests;
				PRODUCT_NAME = "$(TARGET_NAME)";
				SWIFT_EMIT_LOC_STRINGS = NO;
				SWIFT_VERSION = 5.0;
				TARGETED_DEVICE_FAMILY = "1,2";
				TEST_HOST = "$(BUILT_PRODUCTS_DIR)/FallbackDataSource.app/FallbackDataSource";
			};
			name = Release;
		};
		23AC4A11276064EE0007484F /* Debug */ = {
			isa = XCBuildConfiguration;
			buildSettings = {
				ALWAYS_SEARCH_USER_PATHS = NO;
				CLANG_ANALYZER_NONNULL = YES;
				CLANG_ANALYZER_NUMBER_OBJECT_CONVERSION = YES_AGGRESSIVE;
				CLANG_CXX_LANGUAGE_STANDARD = "gnu++17";
				CLANG_CXX_LIBRARY = "libc++";
				CLANG_ENABLE_MODULES = YES;
				CLANG_ENABLE_OBJC_ARC = YES;
				CLANG_ENABLE_OBJC_WEAK = YES;
				CLANG_WARN_BLOCK_CAPTURE_AUTORELEASING = YES;
				CLANG_WARN_BOOL_CONVERSION = YES;
				CLANG_WARN_COMMA = YES;
				CLANG_WARN_CONSTANT_CONVERSION = YES;
				CLANG_WARN_DEPRECATED_OBJC_IMPLEMENTATIONS = YES;
				CLANG_WARN_DIRECT_OBJC_ISA_USAGE = YES_ERROR;
				CLANG_WARN_DOCUMENTATION_COMMENTS = YES;
				CLANG_WARN_EMPTY_BODY = YES;
				CLANG_WARN_ENUM_CONVERSION = YES;
				CLANG_WARN_INFINITE_RECURSION = YES;
				CLANG_WARN_INT_CONVERSION = YES;
				CLANG_WARN_NON_LITERAL_NULL_CONVERSION = YES;
				CLANG_WARN_OBJC_IMPLICIT_RETAIN_SELF = YES;
				CLANG_WARN_OBJC_LITERAL_CONVERSION = YES;
				CLANG_WARN_OBJC_ROOT_CLASS = YES_ERROR;
				CLANG_WARN_QUOTED_INCLUDE_IN_FRAMEWORK_HEADER = YES;
				CLANG_WARN_RANGE_LOOP_ANALYSIS = YES;
				CLANG_WARN_STRICT_PROTOTYPES = YES;
				CLANG_WARN_SUSPICIOUS_MOVE = YES;
				CLANG_WARN_UNGUARDED_AVAILABILITY = YES_AGGRESSIVE;
				CLANG_WARN_UNREACHABLE_CODE = YES;
				CLANG_WARN__DUPLICATE_METHOD_MATCH = YES;
				COPY_PHASE_STRIP = NO;
				DEBUG_INFORMATION_FORMAT = dwarf;
				ENABLE_STRICT_OBJC_MSGSEND = YES;
				ENABLE_TESTABILITY = YES;
				GCC_C_LANGUAGE_STANDARD = gnu11;
				GCC_DYNAMIC_NO_PIC = NO;
				GCC_NO_COMMON_BLOCKS = YES;
				GCC_OPTIMIZATION_LEVEL = 0;
				GCC_PREPROCESSOR_DEFINITIONS = (
					"DEBUG=1",
					"$(inherited)",
				);
				GCC_WARN_64_TO_32_BIT_CONVERSION = YES;
				GCC_WARN_ABOUT_RETURN_TYPE = YES_ERROR;
				GCC_WARN_UNDECLARED_SELECTOR = YES;
				GCC_WARN_UNINITIALIZED_AUTOS = YES_AGGRESSIVE;
				GCC_WARN_UNUSED_FUNCTION = YES;
				GCC_WARN_UNUSED_VARIABLE = YES;
				IPHONEOS_DEPLOYMENT_TARGET = 15.0;
				MTL_ENABLE_DEBUG_INFO = INCLUDE_SOURCE;
				MTL_FAST_MATH = YES;
				ONLY_ACTIVE_ARCH = YES;
				SDKROOT = iphoneos;
				SWIFT_ACTIVE_COMPILATION_CONDITIONS = DEBUG;
				SWIFT_OPTIMIZATION_LEVEL = "-Onone";
			};
			name = Debug;
		};
		23AC4A12276064EE0007484F /* Release */ = {
			isa = XCBuildConfiguration;
			buildSettings = {
				ALWAYS_SEARCH_USER_PATHS = NO;
				CLANG_ANALYZER_NONNULL = YES;
				CLANG_ANALYZER_NUMBER_OBJECT_CONVERSION = YES_AGGRESSIVE;
				CLANG_CXX_LANGUAGE_STANDARD = "gnu++17";
				CLANG_CXX_LIBRARY = "libc++";
				CLANG_ENABLE_MODULES = YES;
				CLANG_ENABLE_OBJC_ARC = YES;
				CLANG_ENABLE_OBJC_WEAK = YES;
				CLANG_WARN_BLOCK_CAPTURE_AUTORELEASING = YES;
				CLANG_WARN_BOOL_CONVERSION = YES;
				CLANG_WARN_COMMA = YES;
				CLANG_WARN_CONSTANT_CONVERSION = YES;
				CLANG_WARN_DEPRECATED_OBJC_IMPLEMENTATIONS = YES;
				CLANG_WARN_DIRECT_OBJC_ISA_USAGE = YES_ERROR;
				CLANG_WARN_DOCUMENTATION_COMMENTS = YES;
				CLANG_WARN_EMPTY_BODY = YES;
				CLANG_WARN_ENUM_CONVERSION = YES;
				CLANG_WARN_INFINITE_RECURSION = YES;
				CLANG_WARN_INT_CONVERSION = YES;
				CLANG_WARN_NON_LITERAL_NULL_CONVERSION = YES;
				CLANG_WARN_OBJC_IMPLICIT_RETAIN_SELF = YES;
				CLANG_WARN_OBJC_LITERAL_CONVERSION = YES;
				CLANG_WARN_OBJC_ROOT_CLASS = YES_ERROR;
				CLANG_WARN_QUOTED_INCLUDE_IN_FRAMEWORK_HEADER = YES;
				CLANG_WARN_RANGE_LOOP_ANALYSIS = YES;
				CLANG_WARN_STRICT_PROTOTYPES = YES;
				CLANG_WARN_SUSPICIOUS_MOVE = YES;
				CLANG_WARN_UNGUARDED_AVAILABILITY = YES_AGGRESSIVE;
				CLANG_WARN_UNREACHABLE_CODE = YES;
				CLANG_WARN__DUPLICATE_METHOD_MATCH = YES;
				COPY_PHASE_STRIP = NO;
				DEBUG_INFORMATION_FORMAT = "dwarf-with-dsym";
				ENABLE_NS_ASSERTIONS = NO;
				ENABLE_STRICT_OBJC_MSGSEND = YES;
				GCC_C_LANGUAGE_STANDARD = gnu11;
				GCC_NO_COMMON_BLOCKS = YES;
				GCC_WARN_64_TO_32_BIT_CONVERSION = YES;
				GCC_WARN_ABOUT_RETURN_TYPE = YES_ERROR;
				GCC_WARN_UNDECLARED_SELECTOR = YES;
				GCC_WARN_UNINITIALIZED_AUTOS = YES_AGGRESSIVE;
				GCC_WARN_UNUSED_FUNCTION = YES;
				GCC_WARN_UNUSED_VARIABLE = YES;
				IPHONEOS_DEPLOYMENT_TARGET = 15.0;
				MTL_ENABLE_DEBUG_INFO = NO;
				MTL_FAST_MATH = YES;
				SDKROOT = iphoneos;
				SWIFT_COMPILATION_MODE = wholemodule;
				SWIFT_OPTIMIZATION_LEVEL = "-O";
				VALIDATE_PRODUCT = YES;
			};
			name = Release;
		};
		23AC4A14276064EE0007484F /* Debug */ = {
			isa = XCBuildConfiguration;
			buildSettings = {
				ASSETCATALOG_COMPILER_APPICON_NAME = AppIcon;
				ASSETCATALOG_COMPILER_GLOBAL_ACCENT_COLOR_NAME = AccentColor;
				CODE_SIGN_STYLE = Automatic;
				CURRENT_PROJECT_VERSION = 1;
				DEVELOPMENT_TEAM = S9J6B4A78J;
				GENERATE_INFOPLIST_FILE = YES;
				INFOPLIST_FILE = FallbackDataSource/Info.plist;
				INFOPLIST_KEY_UIApplicationSupportsIndirectInputEvents = YES;
				INFOPLIST_KEY_UILaunchStoryboardName = LaunchScreen;
				INFOPLIST_KEY_UISupportedInterfaceOrientations_iPad = "UIInterfaceOrientationPortrait UIInterfaceOrientationPortraitUpsideDown UIInterfaceOrientationLandscapeLeft UIInterfaceOrientationLandscapeRight";
				INFOPLIST_KEY_UISupportedInterfaceOrientations_iPhone = "UIInterfaceOrientationPortrait UIInterfaceOrientationLandscapeLeft UIInterfaceOrientationLandscapeRight";
				LD_RUNPATH_SEARCH_PATHS = (
					"$(inherited)",
					"@executable_path/Frameworks",
				);
				MARKETING_VERSION = 1.0;
				PRODUCT_BUNDLE_IDENTIFIER = com.windy.FallbackDataSource;
				PRODUCT_NAME = "$(TARGET_NAME)";
				SWIFT_EMIT_LOC_STRINGS = YES;
				SWIFT_VERSION = 5.0;
				TARGETED_DEVICE_FAMILY = "1,2";
			};
			name = Debug;
		};
		23AC4A15276064EE0007484F /* Release */ = {
			isa = XCBuildConfiguration;
			buildSettings = {
				ASSETCATALOG_COMPILER_APPICON_NAME = AppIcon;
				ASSETCATALOG_COMPILER_GLOBAL_ACCENT_COLOR_NAME = AccentColor;
				CODE_SIGN_STYLE = Automatic;
				CURRENT_PROJECT_VERSION = 1;
				DEVELOPMENT_TEAM = S9J6B4A78J;
				GENERATE_INFOPLIST_FILE = YES;
				INFOPLIST_FILE = FallbackDataSource/Info.plist;
				INFOPLIST_KEY_UIApplicationSupportsIndirectInputEvents = YES;
				INFOPLIST_KEY_UILaunchStoryboardName = LaunchScreen;
				INFOPLIST_KEY_UISupportedInterfaceOrientations_iPad = "UIInterfaceOrientationPortrait UIInterfaceOrientationPortraitUpsideDown UIInterfaceOrientationLandscapeLeft UIInterfaceOrientationLandscapeRight";
				INFOPLIST_KEY_UISupportedInterfaceOrientations_iPhone = "UIInterfaceOrientationPortrait UIInterfaceOrientationLandscapeLeft UIInterfaceOrientationLandscapeRight";
				LD_RUNPATH_SEARCH_PATHS = (
					"$(inherited)",
					"@executable_path/Frameworks",
				);
				MARKETING_VERSION = 1.0;
				PRODUCT_BUNDLE_IDENTIFIER = com.windy.FallbackDataSource;
				PRODUCT_NAME = "$(TARGET_NAME)";
				SWIFT_EMIT_LOC_STRINGS = YES;
				SWIFT_VERSION = 5.0;
				TARGETED_DEVICE_FAMILY = "1,2";
			};
			name = Release;
		};
/* End XCBuildConfiguration section */

/* Begin XCConfigurationList section */
		2381B45527720DFF00D63031 /* Build configuration list for PBXNativeTarget "FallbackDataSourceTests" */ = {
			isa = XCConfigurationList;
			buildConfigurations = (
				2381B45327720DFF00D63031 /* Debug */,
				2381B45427720DFF00D63031 /* Release */,
			);
			defaultConfigurationIsVisible = 0;
			defaultConfigurationName = Release;
		};
		23AC49F7276064ED0007484F /* Build configuration list for PBXProject "FallbackDataSource" */ = {
			isa = XCConfigurationList;
			buildConfigurations = (
				23AC4A11276064EE0007484F /* Debug */,
				23AC4A12276064EE0007484F /* Release */,
			);
			defaultConfigurationIsVisible = 0;
			defaultConfigurationName = Release;
		};
		23AC4A13276064EE0007484F /* Build configuration list for PBXNativeTarget "FallbackDataSource" */ = {
			isa = XCConfigurationList;
			buildConfigurations = (
				23AC4A14276064EE0007484F /* Debug */,
				23AC4A15276064EE0007484F /* Release */,
			);
			defaultConfigurationIsVisible = 0;
			defaultConfigurationName = Release;
		};
/* End XCConfigurationList section */

/* Begin XCVersionGroup section */
		23AC4A08276064ED0007484F /* FallbackDataSource.xcdatamodeld */ = {
			isa = XCVersionGroup;
			children = (
				23AC4A09276064ED0007484F /* FallbackDataSource.xcdatamodel */,
			);
			currentVersion = 23AC4A09276064ED0007484F /* FallbackDataSource.xcdatamodel */;
			path = FallbackDataSource.xcdatamodeld;
			sourceTree = "<group>";
			versionGroupType = wrapper.xcdatamodel;
		};
/* End XCVersionGroup section */
	};
	rootObject = 23AC49F4276064ED0007484F /* Project object */;
}
